{
  "name": "contfu",
  "lockfileVersion": 3,
  "requires": true,
  "packages": {
    "": {
      "name": "contfu",
      "workspaces": [
        "client/*",
        "server/*",
        "core"
      ],
      "devDependencies": {
        "@types/bun": "latest"
      },
      "peerDependencies": {
        "typescript": "^5.0.0"
      }
    },
    "client/app": {
      "name": "@contfu/client",
      "version": "0.1.1",
      "dependencies": {
        "kysely": "^0.27.3"
      },
      "devDependencies": {
        "@contfu/core": "^0.1.1",
        "@types/bun": "latest",
        "kysely-bun-worker": "^0.5.7",
        "ts-essentials": "^9.4.1"
      },
      "peerDependencies": {
        "typescript": "^5.0.0"
      }
    },
    "client/bun-file-store": {
      "name": "@contfu/bun-file-store",
      "version": "0.1.0",
      "dependencies": {
        "sharp": "^0.33.3"
      },
      "devDependencies": {
        "@contfu/core": "^0.1.1",
        "@types/bun": "latest"
      },
      "peerDependencies": {
        "typescript": "^5.0.0"
      }
    },
    "client/core": {
      "name": "@contfu/client-core",
      "version": "0.1.1",
      "dependencies": {
        "kysely": "^0.27.3"
      },
      "devDependencies": {
        "@types/bun": "latest",
        "kysely-bun-worker": "^0.5.7",
        "ts-essentials": "^9.4.1"
      },
      "peerDependencies": {
        "typescript": "^5.0.0"
      }
    },
    "client/media-optimizer": {
      "name": "@contfu/media-optimizer",
      "version": "0.1.0",
      "dependencies": {
        "sharp": "^0.33.3"
      },
      "devDependencies": {
        "@contfu/bun-file-store": "^0.1.0",
        "@contfu/client": "^0.1.0",
        "@types/bun": "latest"
      },
      "peerDependencies": {
        "typescript": "^5.0.0"
      }
    },
    "core": {
      "name": "@contfu/core",
      "version": "0.1.1",
      "dependencies": {
        "kysely": "^0.27.3"
      },
      "devDependencies": {
        "@types/bun": "latest",
        "kysely-bun-worker": "^0.5.7",
        "ts-essentials": "^9.4.1"
      },
      "peerDependencies": {
        "typescript": "^5.0.0"
      }
    },
    "node_modules/@contfu/bun-file-store": {
      "resolved": "client/bun-file-store",
      "link": true
    },
    "node_modules/@contfu/client": {
      "resolved": "client/app",
      "link": true
    },
    "node_modules/@contfu/client-core": {
      "resolved": "client/core",
      "link": true
    },
    "node_modules/@contfu/connections": {
      "resolved": "packages/connections",
      "link": true
    },
    "node_modules/@contfu/core": {
      "resolved": "core",
      "link": true
    },
    "node_modules/@contfu/media-optimizer": {
      "resolved": "client/media-optimizer",
      "link": true
    },
    "node_modules/@contfu/notion": {
      "resolved": "packages/notion",
      "link": true
    },
    "node_modules/@contfu/server": {
      "resolved": "server/app",
      "link": true
    },
    "node_modules/@img/sharp-darwin-arm64": {
      "version": "0.33.3",
      "cpu": [
        "arm64"
      ],
      "license": "Apache-2.0",
      "optional": true,
      "os": [
        "darwin"
      ],
      "engines": {
        "glibc": ">=2.26",
        "node": "^18.17.0 || ^20.3.0 || >=21.0.0",
        "npm": ">=9.6.5",
        "pnpm": ">=7.1.0",
        "yarn": ">=3.2.0"
      },
      "funding": {
        "url": "https://opencollective.com/libvips"
      },
      "optionalDependencies": {
        "@img/sharp-libvips-darwin-arm64": "1.0.2"
      }
    },
    "node_modules/@img/sharp-libvips-darwin-arm64": {
      "version": "1.0.2",
      "cpu": [
        "arm64"
      ],
      "license": "LGPL-3.0-or-later",
      "optional": true,
      "os": [
        "darwin"
      ],
      "engines": {
        "macos": ">=11",
        "npm": ">=9.6.5",
        "pnpm": ">=7.1.0",
        "yarn": ">=3.2.0"
      },
      "funding": {
        "url": "https://opencollective.com/libvips"
      }
    },
    "node_modules/@sinclair/typebox": {
      "version": "0.32.34",
      "resolved": "https://registry.npmjs.org/@sinclair/typebox/-/typebox-0.32.34.tgz",
      "integrity": "sha512-a3Z3ytYl6R/+7ldxx04PO1semkwWlX/8pTqxsPw4quIcIXDFPZhOc1Wx8azWmkU26ccK3mHwcWenn0avNgAKQg=="
    },
    "node_modules/@types/bun": {
      "version": "1.1.1",
      "resolved": "https://registry.npmjs.org/@types/bun/-/bun-1.1.1.tgz",
      "integrity": "sha512-lUe9rLMhgDCViciZtgDj5CMl2u7uTq/IP149kSZH/Si6FWkCioximABFf+baRQgbm8QlH4bzT0qJRteQFNqeGA==",
      "dev": true,
      "dependencies": {
        "bun-types": "1.1.6"
      }
    },
    "node_modules/@types/node": {
      "version": "20.12.5",
      "dev": true,
      "license": "MIT",
      "dependencies": {
        "undici-types": "~5.26.4"
      }
    },
    "node_modules/@types/ws": {
      "version": "8.5.10",
      "dev": true,
      "license": "MIT",
      "dependencies": {
        "@types/node": "*"
      }
    },
    "node_modules/bun-types": {
      "version": "1.1.6",
      "dev": true,
      "license": "MIT",
      "dependencies": {
        "@types/node": "~20.11.3",
        "@types/ws": "~8.5.10"
      }
    },
    "node_modules/bun-types/node_modules/@types/node": {
      "version": "20.11.30",
      "dev": true,
      "license": "MIT",
      "dependencies": {
        "undici-types": "~5.26.4"
      }
    },
    "node_modules/color": {
      "version": "4.2.3",
      "license": "MIT",
      "dependencies": {
        "color-convert": "^2.0.1",
        "color-string": "^1.9.0"
      },
      "engines": {
        "node": ">=12.5.0"
      }
    },
    "node_modules/color-convert": {
      "version": "2.0.1",
      "license": "MIT",
      "dependencies": {
        "color-name": "~1.1.4"
      },
      "engines": {
        "node": ">=7.0.0"
      }
    },
    "node_modules/color-name": {
      "version": "1.1.4",
      "license": "MIT"
    },
    "node_modules/color-string": {
      "version": "1.9.1",
      "license": "MIT",
      "dependencies": {
        "color-name": "^1.0.0",
        "simple-swizzle": "^0.2.2"
      }
    },
    "node_modules/cookie": {
      "version": "0.6.0",
      "resolved": "https://registry.npmjs.org/cookie/-/cookie-0.6.0.tgz",
      "integrity": "sha512-U71cyTamuh1CRNCfpGY6to28lxvNwPG4Guz/EVjgf3Jmzv0vlDp1atT9eS5dDjMYHucpHbWns6Lwf3BKz6svdw==",
      "engines": {
        "node": ">= 0.6"
      }
    },
    "node_modules/detect-libc": {
      "version": "2.0.3",
      "license": "Apache-2.0",
      "engines": {
        "node": ">=8"
      }
    },
    "node_modules/elysia": {
      "version": "1.1.12",
      "resolved": "https://registry.npmjs.org/elysia/-/elysia-1.1.12.tgz",
      "integrity": "sha512-ewydi2tqm9LEYTv9Ah+Y8Y2/Grvpy02mcICwEkAScfj4eTRK52CFJ7VjAG8/dbMGx+uwmnXjtYpd50lDBnBXNQ==",
      "dependencies": {
        "@sinclair/typebox": "0.32.34",
        "cookie": "^0.6.0",
        "fast-decode-uri-component": "^1.0.1",
        "openapi-types": "^12.1.3"
      },
      "peerDependencies": {
        "@sinclair/typebox": ">= 0.32.0",
        "openapi-types": ">= 12.0.0",
        "typescript": ">= 5.0.0"
      },
      "peerDependenciesMeta": {
        "openapi-types": {
          "optional": true
        },
        "typescript": {
          "optional": true
        }
      }
    },
    "node_modules/fast-decode-uri-component": {
      "version": "1.0.1",
      "resolved": "https://registry.npmjs.org/fast-decode-uri-component/-/fast-decode-uri-component-1.0.1.tgz",
      "integrity": "sha512-WKgKWg5eUxvRZGwW8FvfbaH7AXSh2cL+3j5fMGzUMCxWBJ3dV3a7Wz8y2f/uQ0e3B6WmodD3oS54jTQ9HVTIIg=="
    },
    "node_modules/is-arrayish": {
      "version": "0.3.2",
      "license": "MIT"
    },
    "node_modules/jsonata": {
      "version": "2.0.5",
      "resolved": "https://registry.npmjs.org/jsonata/-/jsonata-2.0.5.tgz",
      "integrity": "sha512-wEse9+QLIIU5IaCgtJCPsFi/H4F3qcikWzF4bAELZiRz08ohfx3Q6CjDRf4ZPF5P/92RI3KIHtb7u3jqPaHXdQ==",
      "dev": true,
      "engines": {
        "node": ">= 8"
      }
    },
    "node_modules/kysely": {
      "version": "0.27.3",
      "license": "MIT",
      "engines": {
        "node": ">=14.0.0"
      }
    },
    "node_modules/kysely-bun-worker": {
      "version": "0.5.7",
      "dev": true,
      "license": "MIT",
      "peerDependencies": {
        "kysely": ">=0.26"
      }
    },
    "node_modules/lru-cache": {
      "version": "6.0.0",
      "license": "ISC",
      "dependencies": {
        "yallist": "^4.0.0"
      },
      "engines": {
        "node": ">=10"
      }
    },
    "node_modules/notion-client-web-fetch": {
      "version": "2.2.15",
      "resolved": "https://registry.npmjs.org/notion-client-web-fetch/-/notion-client-web-fetch-2.2.15.tgz",
      "integrity": "sha512-SkRHrb6LuKhACjJpv6OFgf/K/6W6xYAPyTk8TupgY9XlVW2RnOWRmt3KAEz74KyQlHGzoNge4Q2hjDmDhRM9kQ==",
      "dev": true,
      "engines": {
        "node": ">=18"
      }
    },
    "node_modules/openapi-types": {
      "version": "12.1.3",
      "resolved": "https://registry.npmjs.org/openapi-types/-/openapi-types-12.1.3.tgz",
      "integrity": "sha512-N4YtSYJqghVu4iek2ZUvcN/0aqH1kRDuNqzcycDxhOUpg7GdvLa2F3DgS6yBNhInhv2r/6I0Flkn7CqL8+nIcw=="
    },
    "node_modules/rxjs": {
      "version": "7.8.1",
      "resolved": "https://registry.npmjs.org/rxjs/-/rxjs-7.8.1.tgz",
      "integrity": "sha512-AA3TVj+0A2iuIoQkWEK/tqFjBq2j+6PO6Y0zJcvzLAFhEFIO3HL0vls9hWLncZbAAbK0mar7oZ4V079I/qPMxg==",
      "dependencies": {
        "tslib": "^2.1.0"
      }
    },
    "node_modules/semver": {
      "version": "7.6.0",
      "license": "ISC",
      "dependencies": {
        "lru-cache": "^6.0.0"
      },
      "bin": {
        "semver": "bin/semver.js"
      },
      "engines": {
        "node": ">=10"
      }
    },
    "node_modules/sharp": {
      "version": "0.33.3",
      "hasInstallScript": true,
      "license": "Apache-2.0",
      "dependencies": {
        "color": "^4.2.3",
        "detect-libc": "^2.0.3",
        "semver": "^7.6.0"
      },
      "engines": {
        "libvips": ">=8.15.2",
        "node": "^18.17.0 || ^20.3.0 || >=21.0.0"
      },
      "funding": {
        "url": "https://opencollective.com/libvips"
      },
      "optionalDependencies": {
        "@img/sharp-darwin-arm64": "0.33.3",
        "@img/sharp-darwin-x64": "0.33.3",
        "@img/sharp-libvips-darwin-arm64": "1.0.2",
        "@img/sharp-libvips-darwin-x64": "1.0.2",
        "@img/sharp-libvips-linux-arm": "1.0.2",
        "@img/sharp-libvips-linux-arm64": "1.0.2",
        "@img/sharp-libvips-linux-s390x": "1.0.2",
        "@img/sharp-libvips-linux-x64": "1.0.2",
        "@img/sharp-libvips-linuxmusl-arm64": "1.0.2",
        "@img/sharp-libvips-linuxmusl-x64": "1.0.2",
        "@img/sharp-linux-arm": "0.33.3",
        "@img/sharp-linux-arm64": "0.33.3",
        "@img/sharp-linux-s390x": "0.33.3",
        "@img/sharp-linux-x64": "0.33.3",
        "@img/sharp-linuxmusl-arm64": "0.33.3",
        "@img/sharp-linuxmusl-x64": "0.33.3",
        "@img/sharp-wasm32": "0.33.3",
        "@img/sharp-win32-ia32": "0.33.3",
        "@img/sharp-win32-x64": "0.33.3"
      }
    },
    "node_modules/simple-swizzle": {
      "version": "0.2.2",
      "license": "MIT",
      "dependencies": {
        "is-arrayish": "^0.3.1"
      }
    },
    "node_modules/ts-essentials": {
      "version": "9.4.2",
      "dev": true,
      "license": "MIT",
      "peerDependencies": {
        "typescript": ">=4.1.0"
      },
      "peerDependenciesMeta": {
        "typescript": {
          "optional": true
        }
      }
    },
    "node_modules/tslib": {
      "version": "2.6.2",
      "resolved": "https://registry.npmjs.org/tslib/-/tslib-2.6.2.tgz",
      "integrity": "sha512-AEYxH93jGFPn/a2iVAwW87VuUIkR1FVUKB77NwMF7nBTDkDrrT/Hpt/IrCJ0QXhW27jTBDcf5ZY7w6RiqTMw2Q=="
    },
    "node_modules/typescript": {
      "version": "5.4.4",
      "license": "Apache-2.0",
      "peer": true,
      "bin": {
        "tsc": "bin/tsc",
        "tsserver": "bin/tsserver"
      },
      "engines": {
        "node": ">=14.17"
      }
    },
    "node_modules/undici-types": {
      "version": "5.26.5",
      "dev": true,
      "license": "MIT"
    },
    "node_modules/yallist": {
      "version": "4.0.0",
      "license": "ISC"
    },
    "packages/bun-file-store": {
      "version": "0.1.0",
      "extraneous": true,
      "dependencies": {
        "sharp": "^0.33.3"
      },
      "devDependencies": {
        "@contfu/core": "^0.1.1",
        "@types/bun": "latest"
      },
      "peerDependencies": {
        "typescript": "^5.0.0"
      }
    },
    "packages/client": {
      "name": "@contfu/client",
      "version": "0.1.1",
      "extraneous": true,
      "dependencies": {
        "kysely": "^0.27.3"
      },
      "devDependencies": {
        "@contfu/core": "^0.1.1",
        "@types/bun": "latest",
        "kysely-bun-worker": "^0.5.7",
        "ts-essentials": "^9.4.1"
      },
      "peerDependencies": {
        "typescript": "^5.0.0"
      }
    },
    "packages/connection/notion": {
      "name": "@contfu/notion",
      "version": "0.1.0",
      "extraneous": true,
      "dependencies": {
        "@notionhq/client": "^2.2.14"
      },
      "devDependencies": {
        "@contfu/client": "^0.1.0",
        "@sinclair/typebox": "^0.32.20",
        "@types/bun": "latest",
        "kysely-bun-worker": "^0.5.7",
        "ts-essentials": "^9.4.2"
      },
      "peerDependencies": {
        "typescript": "^5.0.0"
      }
    },
    "packages/connections": {
      "name": "@contfu/connections",
      "version": "0.1.1",
      "dev": true,
      "dependencies": {
        "jsonata": "^2.0.5",
        "rxjs": "^7.8.1"
      },
      "devDependencies": {
        "@contfu/core": "0.1.1",
        "@types/bun": "latest",
        "ts-essentials": "^9.4.1"
      },
      "peerDependencies": {
        "typescript": "^5.0.0"
      }
    },
    "packages/core": {
      "name": "@contfu/core",
      "version": "0.1.1",
      "extraneous": true,
      "dependencies": {
        "kysely": "^0.27.3"
      },
      "devDependencies": {
        "@types/bun": "latest",
        "kysely-bun-worker": "^0.5.7",
        "ts-essentials": "^9.4.1"
      },
      "peerDependencies": {
        "typescript": "^5.0.0"
      }
    },
    "packages/media-optimizer": {
      "name": "@contfu/media-optimizer",
      "version": "0.1.0",
      "extraneous": true,
      "dependencies": {
        "sharp": "^0.33.3"
      },
      "devDependencies": {
        "@contfu/bun-file-store": "^0.1.0",
        "@contfu/client": "^0.1.0",
        "@types/bun": "latest"
      },
      "peerDependencies": {
        "typescript": "^5.0.0"
      }
    },
    "packages/notion": {
      "name": "@contfu/notion",
      "version": "0.1.1",
      "dev": true,
      "dependencies": {
        "notion-client-web-fetch": "^2.2.15",
        "rxjs": "^7.8.1"
      },
      "devDependencies": {
        "@contfu/connections": "^0.1.1",
        "@sinclair/typebox": "^0.32.20",
        "@types/bun": "latest",
        "ts-essentials": "^9.4.2"
      },
      "peerDependencies": {
        "typescript": "^5.0.0"
      }
    },
    "packages/server": {
      "name": "@contfu/server",
      "version": "0.1.1",
      "extraneous": true,
      "dependencies": {
        "@sinclair/typebox": "^0.32.30",
        "elysia": "^1.0.25",
        "kysely": "^0.27.3",
        "rxjs": "^7.8.1"
      },
      "devDependencies": {
        "@contfu/connections": "^0.1.1",
        "@contfu/core": "^0.1.1",
        "@contfu/notion": "^0.1.1",
        "@types/bun": "latest",
        "kysely-bun-worker": "^0.5.7",
        "ts-essentials": "^9.4.1"
      },
      "peerDependencies": {
        "typescript": "^5.0.0"
      }
    },
    "server/app": {
      "name": "@contfu/server",
      "version": "0.1.1",
      "dependencies": {
        "@contfu/core": "^0.1.1",
        "@sinclair/typebox": "^0.32.30",
        "elysia": "^1.0.25",
        "kysely": "^0.27.3",
        "rxjs": "^7.8.1"
      },
      "devDependencies": {
        "@contfu/connections": "^0.1.1",
        "@contfu/notion": "^0.1.1",
        "@types/bun": "latest",
        "kysely-bun-worker": "^0.5.7",
        "ts-essentials": "^9.4.1"
      },
      "peerDependencies": {
        "typescript": "^5.0.0"
      }
    }
  }
}
